
Microsoft Visual Studio Solution File, Format Version 12.00
# Visual Studio Version 17
VisualStudioVersion = 17.13.35818.85 d17.13
MinimumVisualStudioVersion = 10.0.40219.1
Project("{FAE04EC0-301F-11D3-BF4B-00C04F79EFBC}") = "Task1", "Task1\Task1.csproj", "{7D3B86AE-585E-4AF9-AD44-26F5D2C62081}"
EndProject
Project("{FAE04EC0-301F-11D3-BF4B-00C04F79EFBC}") = "Exercise1", "Exercise1\Exercise1.csproj", "{3C9D4D4F-1DA8-4BC9-ADC9-C182789EF19D}"
EndProject
Global
	GlobalSection(SolutionConfigurationPlatforms) = preSolution
		Debug|Any CPU = Debug|Any CPU
		Release|Any CPU = Release|Any CPU
	EndGlobalSection
	GlobalSection(ProjectConfigurationPlatforms) = postSolution
		{7D3B86AE-585E-4AF9-AD44-26F5D2C62081}.Debug|Any CPU.ActiveCfg = Debug|Any CPU
		{7D3B86AE-585E-4AF9-AD44-26F5D2C62081}.Debug|Any CPU.Build.0 = Debug|Any CPU
		{7D3B86AE-585E-4AF9-AD44-26F5D2C62081}.Release|Any CPU.ActiveCfg = Release|Any CPU
		{7D3B86AE-585E-4AF9-AD44-26F5D2C62081}.Release|Any CPU.Build.0 = Release|Any CPU
		{3C9D4D4F-1DA8-4BC9-ADC9-C182789EF19D}.Debug|Any CPU.ActiveCfg = Debug|Any CPU
		{3C9D4D4F-1DA8-4BC9-ADC9-C182789EF19D}.Debug|Any CPU.Build.0 = Debug|Any CPU
		{3C9D4D4F-1DA8-4BC9-ADC9-C182789EF19D}.Release|Any CPU.ActiveCfg = Release|Any CPU
		{3C9D4D4F-1DA8-4BC9-ADC9-C182789EF19D}.Release|Any CPU.Build.0 = Release|Any CPU
	EndGlobalSection
	GlobalSection(SolutionProperties) = preSolution
		HideSolutionNode = FALSE
	EndGlobalSection
	GlobalSection(ExtensibilityGlobals) = postSolution
		SolutionGuid = {224B4DA4-591E-45E1-921D-96DB5666B8AC}
	EndGlobalSection
EndGlobal
