
Microsoft Visual Studio Solution File, Format Version 12.00
# Visual Studio Version 17
VisualStudioVersion = 17.13.35818.85 d17.13
MinimumVisualStudioVersion = 10.0.40219.1
Project("{FAE04EC0-301F-11D3-BF4B-00C04F79EFBC}") = "Exercise3", "Exercise3\Exercise3.csproj", "{05C945F4-B153-4A1B-B7D6-831A491FF082}"
EndProject
Project("{FAE04EC0-301F-11D3-BF4B-00C04F79EFBC}") = "Task1", "Task1\Task1.csproj", "{8E3206CC-371A-4C45-8319-5006236228E3}"
EndProject
Global
	GlobalSection(SolutionConfigurationPlatforms) = preSolution
		Debug|Any CPU = Debug|Any CPU
		Release|Any CPU = Release|Any CPU
	EndGlobalSection
	GlobalSection(ProjectConfigurationPlatforms) = postSolution
		{05C945F4-B153-4A1B-B7D6-831A491FF082}.Debug|Any CPU.ActiveCfg = Debug|Any CPU
		{05C945F4-B153-4A1B-B7D6-831A491FF082}.Debug|Any CPU.Build.0 = Debug|Any CPU
		{05C945F4-B153-4A1B-B7D6-831A491FF082}.Release|Any CPU.ActiveCfg = Release|Any CPU
		{05C945F4-B153-4A1B-B7D6-831A491FF082}.Release|Any CPU.Build.0 = Release|Any CPU
		{8E3206CC-371A-4C45-8319-5006236228E3}.Debug|Any CPU.ActiveCfg = Debug|Any CPU
		{8E3206CC-371A-4C45-8319-5006236228E3}.Debug|Any CPU.Build.0 = Debug|Any CPU
		{8E3206CC-371A-4C45-8319-5006236228E3}.Release|Any CPU.ActiveCfg = Release|Any CPU
		{8E3206CC-371A-4C45-8319-5006236228E3}.Release|Any CPU.Build.0 = Release|Any CPU
	EndGlobalSection
	GlobalSection(SolutionProperties) = preSolution
		HideSolutionNode = FALSE
	EndGlobalSection
	GlobalSection(ExtensibilityGlobals) = postSolution
		SolutionGuid = {82DE5A90-692C-4D32-BCBA-D7ED566FE987}
	EndGlobalSection
EndGlobal
